
Microsoft Visual Studio Solution File, Format Version 12.00
# Visual Studio Version 17
VisualStudioVersion = 17.0.32014.148
MinimumVisualStudioVersion = 10.0.40219.1
Project("{9A19103F-16F7-4668-BE54-9A1E7A4F7556}") = "SortingAlgorithms", "SortingAlgorithms\SortingAlgorithms.csproj", "{0D9A959F-A47D-45B4-A8A5-706C64D34ABE}"
EndProject
Project("{9A19103F-16F7-4668-BE54-9A1E7A4F7556}") = "SortingAlgorithms.Test", "SortingAlgorithms.Test\SortingAlgorithms.Test.csproj", "{00685B61-57CD-4A02-8AE9-EEB6F30ED341}"
EndProject
Project("{9A19103F-16F7-4668-BE54-9A1E7A4F7556}") = "Trees", "Trees\Trees.csproj", "{9BE803CB-E9EB-4975-860E-5B0AB0AC1704}"
EndProject
Project("{9A19103F-16F7-4668-BE54-9A1E7A4F7556}") = "Trees.Test", "Trees.Test\Trees.Test.csproj", "{DC449FAF-9A43-4520-872B-39081D8D489C}"
EndProject
Project("{FAE04EC0-301F-11D3-BF4B-00C04F79EFBC}") = "TreeViewer.Console", "TreeViewer.Console\TreeViewer.Console.csproj", "{0AC5C050-4CB3-4546-8E55-245FD7C7B1FF}"
EndProject
Global
	GlobalSection(SolutionConfigurationPlatforms) = preSolution
		Debug|Any CPU = Debug|Any CPU
		Release|Any CPU = Release|Any CPU
	EndGlobalSection
	GlobalSection(ProjectConfigurationPlatforms) = postSolution
		{0D9A959F-A47D-45B4-A8A5-706C64D34ABE}.Debug|Any CPU.ActiveCfg = Debug|Any CPU
		{0D9A959F-A47D-45B4-A8A5-706C64D34ABE}.Debug|Any CPU.Build.0 = Debug|Any CPU
		{0D9A959F-A47D-45B4-A8A5-706C64D34ABE}.Release|Any CPU.ActiveCfg = Release|Any CPU
		{0D9A959F-A47D-45B4-A8A5-706C64D34ABE}.Release|Any CPU.Build.0 = Release|Any CPU
		{00685B61-57CD-4A02-8AE9-EEB6F30ED341}.Debug|Any CPU.ActiveCfg = Debug|Any CPU
		{00685B61-57CD-4A02-8AE9-EEB6F30ED341}.Debug|Any CPU.Build.0 = Debug|Any CPU
		{00685B61-57CD-4A02-8AE9-EEB6F30ED341}.Release|Any CPU.ActiveCfg = Release|Any CPU
		{00685B61-57CD-4A02-8AE9-EEB6F30ED341}.Release|Any CPU.Build.0 = Release|Any CPU
		{9BE803CB-E9EB-4975-860E-5B0AB0AC1704}.Debug|Any CPU.ActiveCfg = Debug|Any CPU
		{9BE803CB-E9EB-4975-860E-5B0AB0AC1704}.Debug|Any CPU.Build.0 = Debug|Any CPU
		{9BE803CB-E9EB-4975-860E-5B0AB0AC1704}.Release|Any CPU.ActiveCfg = Release|Any CPU
		{9BE803CB-E9EB-4975-860E-5B0AB0AC1704}.Release|Any CPU.Build.0 = Release|Any CPU
		{DC449FAF-9A43-4520-872B-39081D8D489C}.Debug|Any CPU.ActiveCfg = Debug|Any CPU
		{DC449FAF-9A43-4520-872B-39081D8D489C}.Debug|Any CPU.Build.0 = Debug|Any CPU
		{DC449FAF-9A43-4520-872B-39081D8D489C}.Release|Any CPU.ActiveCfg = Release|Any CPU
		{DC449FAF-9A43-4520-872B-39081D8D489C}.Release|Any CPU.Build.0 = Release|Any CPU
		{0AC5C050-4CB3-4546-8E55-245FD7C7B1FF}.Debug|Any CPU.ActiveCfg = Debug|Any CPU
		{0AC5C050-4CB3-4546-8E55-245FD7C7B1FF}.Debug|Any CPU.Build.0 = Debug|Any CPU
		{0AC5C050-4CB3-4546-8E55-245FD7C7B1FF}.Release|Any CPU.ActiveCfg = Release|Any CPU
		{0AC5C050-4CB3-4546-8E55-245FD7C7B1FF}.Release|Any CPU.Build.0 = Release|Any CPU
	EndGlobalSection
	GlobalSection(SolutionProperties) = preSolution
		HideSolutionNode = FALSE
	EndGlobalSection
	GlobalSection(ExtensibilityGlobals) = postSolution
		SolutionGuid = {8E693A5F-DCC8-4305-B8E0-6DCEE0D9FE0B}
	EndGlobalSection
EndGlobal
